<?xml version="1.0" encoding="UTF-8"?>
<Scheme
   LastUpgradeVersion = "1430"
   version = "1.7">
   <BuildAction
      parallelizeBuildables = "YES"
      buildImplicitDependencies = "YES"
      runPostActionsOnFailure = "NO">
      <BuildActionEntries>
         <BuildActionEntry
            buildForTesting = "YES"
            buildForRunning = "NO"
            buildForProfiling = "NO"
            buildForArchiving = "NO"
            buildForAnalyzing = "NO">
            <BuildableReference
               BuildableIdentifier = "primary"
               BlueprintIdentifier = "F59469F560874C18CC2B0229"
               BuildableName = "AppSettingsTests.xctest"
               BlueprintName = "AppSettingsTests"
               ReferencedContainer = "container:FENR.xcodeproj">
            </BuildableReference>
         </BuildActionEntry>
         <BuildActionEntry
            buildForTesting = "YES"
            buildForRunning = "NO"
            buildForProfiling = "NO"
            buildForArchiving = "NO"
            buildForAnalyzing = "NO">
            <BuildableReference
               BuildableIdentifier = "primary"
               BlueprintIdentifier = "C4CF7DCAF8635785666B76B1"
               BuildableName = "AsyncSupportTests.xctest"
               BlueprintName = "AsyncSupportTests"
               ReferencedContainer = "container:FENR.xcodeproj">
            </BuildableReference>
         </BuildActionEntry>
         <BuildActionEntry
            buildForTesting = "YES"
            buildForRunning = "NO"
            buildForProfiling = "NO"
            buildForArchiving = "NO"
            buildForAnalyzing = "NO">
            <BuildableReference
               BuildableIdentifier = "primary"
               BlueprintIdentifier = "4336F947375CBE0D8AE09C36"
               BuildableName = "BatteryHealthTests.xctest"
               BlueprintName = "BatteryHealthTests"
               ReferencedContainer = "container:FENR.xcodeproj">
            </BuildableReference>
         </BuildActionEntry>
         <BuildActionEntry
            buildForTesting = "YES"
            buildForRunning = "NO"
            buildForProfiling = "NO"
            buildForArchiving = "NO"
            buildForAnalyzing = "NO">
            <BuildableReference
               BuildableIdentifier = "primary"
               BlueprintIdentifier = "8E702A318A37F0FEEF65B217"
               BuildableName = "BikeDataTests.xctest"
               BlueprintName = "BikeDataTests"
               ReferencedContainer = "container:FENR.xcodeproj">
            </BuildableReference>
         </BuildActionEntry>
         <BuildActionEntry
            buildForTesting = "YES"
            buildForRunning = "NO"
            buildForProfiling = "NO"
            buildForArchiving = "NO"
            buildForAnalyzing = "NO">
            <BuildableReference
               BuildableIdentifier = "primary"
               BlueprintIdentifier = "C84DDCA6364B139989D2DC79"
               BuildableName = "BikeDiagnosticsTests.xctest"
               BlueprintName = "BikeDiagnosticsTests"
               ReferencedContainer = "container:FENR.xcodeproj">
            </BuildableReference>
         </BuildActionEntry>
         <BuildActionEntry
            buildForTesting = "YES"
            buildForRunning = "NO"
            buildForProfiling = "NO"
            buildForArchiving = "NO"
            buildForAnalyzing = "NO">
            <BuildableReference
               BuildableIdentifier = "primary"
               BlueprintIdentifier = "A49F065AE3CF70B75CBB79D7"
               BuildableName = "BikeDomainTests.xctest"
               BlueprintName = "BikeDomainTests"
               ReferencedContainer = "container:FENR.xcodeproj">
            </BuildableReference>
         </BuildActionEntry>
         <BuildActionEntry
            buildForTesting = "YES"
            buildForRunning = "NO"
            buildForProfiling = "NO"
            buildForArchiving = "NO"
            buildForAnalyzing = "NO">
            <BuildableReference
               BuildableIdentifier = "primary"
               BlueprintIdentifier = "BB55B55EC6FA739D0C8DD1CE"
               BuildableName = "BikeEmulatorTests.xctest"
               BlueprintName = "BikeEmulatorTests"
               ReferencedContainer = "container:FENR.xcodeproj">
            </BuildableReference>
         </BuildActionEntry>
         <BuildActionEntry
            buildForTesting = "YES"
            buildForRunning = "NO"
            buildForProfiling = "NO"
            buildForArchiving = "NO"
            buildForAnalyzing = "NO">
            <BuildableReference
               BuildableIdentifier = "primary"
               BlueprintIdentifier = "EB184D17BB8C260AF6238187"
               BuildableName = "BikeOnboardingTests.xctest"
               BlueprintName = "BikeOnboardingTests"
               ReferencedContainer = "container:FENR.xcodeproj">
            </BuildableReference>
         </BuildActionEntry>
         <BuildActionEntry
            buildForTesting = "YES"
            buildForRunning = "NO"
            buildForProfiling = "NO"
            buildForArchiving = "NO"
            buildForAnalyzing = "NO">
            <BuildableReference
               BuildableIdentifier = "primary"
               BlueprintIdentifier = "B56C00EFD57025207A0903AB"
               BuildableName = "BikeSDKTests.xctest"
               BlueprintName = "BikeSDKTests"
               ReferencedContainer = "container:FENR.xcodeproj">
            </BuildableReference>
         </BuildActionEntry>
         <BuildActionEntry
            buildForTesting = "YES"
            buildForRunning = "NO"
            buildForProfiling = "NO"
            buildForArchiving = "NO"
            buildForAnalyzing = "NO">
            <BuildableReference
               BuildableIdentifier = "primary"
               BlueprintIdentifier = "931A1BAD235C51A938DCADCD"
               BuildableName = "ChargeControlTests.xctest"
               BlueprintName = "ChargeControlTests"
               ReferencedContainer = "container:FENR.xcodeproj">
            </BuildableReference>
         </BuildActionEntry>
         <BuildActionEntry
            buildForTesting = "YES"
            buildForRunning = "NO"
            buildForProfiling = "NO"
            buildForArchiving = "NO"
            buildForAnalyzing = "NO">
            <BuildableReference
               BuildableIdentifier = "primary"
               BlueprintIdentifier = "8B64EFEC5B4B812005ECE6B9"
               BuildableName = "DesignSystemTests.xctest"
               BlueprintName = "DesignSystemTests"
               ReferencedContainer = "container:FENR.xcodeproj">
            </BuildableReference>
         </BuildActionEntry>
         <BuildActionEntry
            buildForTesting = "YES"
            buildForRunning = "YES"
            buildForProfiling = "YES"
            buildForArchiving = "YES"
            buildForAnalyzing = "YES">
            <BuildableReference
               BuildableIdentifier = "primary"
               BlueprintIdentifier = "7684E2B3CCE3D10440DAB979"
               BuildableName = "FENR.app"
               BlueprintName = "FENR"
               ReferencedContainer = "container:FENR.xcodeproj">
            </BuildableReference>
         </BuildActionEntry>
         <BuildActionEntry
            buildForTesting = "YES"
            buildForRunning = "NO"
            buildForProfiling = "NO"
            buildForArchiving = "NO"
            buildForAnalyzing = "NO">
            <BuildableReference
               BuildableIdentifier = "primary"
               BlueprintIdentifier = "A55FCD9248F9890B0383E0B1"
               BuildableName = "FENRDebugTests.xctest"
               BlueprintName = "FENRDebugTests"
               ReferencedContainer = "container:FENR.xcodeproj">
            </BuildableReference>
         </BuildActionEntry>
         <BuildActionEntry
            buildForTesting = "YES"
            buildForRunning = "NO"
            buildForProfiling = "NO"
            buildForArchiving = "NO"
            buildForAnalyzing = "NO">
            <BuildableReference
               BuildableIdentifier = "primary"
               BlueprintIdentifier = "219B2EEDB6F7F684341D70C5"
               BuildableName = "FENRTests.xctest"
               BlueprintName = "FENRTests"
               ReferencedContainer = "container:FENR.xcodeproj">
            </BuildableReference>
         </BuildActionEntry>
         <BuildActionEntry
            buildForTesting = "YES"
            buildForRunning = "NO"
            buildForProfiling = "NO"
            buildForArchiving = "NO"
            buildForAnalyzing = "NO">
            <BuildableReference
               BuildableIdentifier = "primary"
               BlueprintIdentifier = "6884A7C381057CB503D75197"
               BuildableName = "MeasurementPresentationTests.xctest"
               BlueprintName = "MeasurementPresentationTests"
               ReferencedContainer = "container:FENR.xcodeproj">
            </BuildableReference>
         </BuildActionEntry>
         <BuildActionEntry
            buildForTesting = "YES"
            buildForRunning = "NO"
            buildForProfiling = "NO"
            buildForArchiving = "NO"
            buildForAnalyzing = "NO">
            <BuildableReference
               BuildableIdentifier = "primary"
               BlueprintIdentifier = "E455E11532065AC7B2056898"
               BuildableName = "RideDashboardTests.xctest"
               BlueprintName = "RideDashboardTests"
               ReferencedContainer = "container:FENR.xcodeproj">
            </BuildableReference>
         </BuildActionEntry>
         <BuildActionEntry
            buildForTesting = "YES"
            buildForRunning = "NO"
            buildForProfiling = "NO"
            buildForArchiving = "NO"
            buildForAnalyzing = "NO">
            <BuildableReference
               BuildableIdentifier = "primary"
               BlueprintIdentifier = "4F60C80AD9FE8D96269B7741"
               BuildableName = "SettingsDataTests.xctest"
               BlueprintName = "SettingsDataTests"
               ReferencedContainer = "container:FENR.xcodeproj">
            </BuildableReference>
         </BuildActionEntry>
         <BuildActionEntry
            buildForTesting = "YES"
            buildForRunning = "NO"
            buildForProfiling = "NO"
            buildForArchiving = "NO"
            buildForAnalyzing = "NO">
            <BuildableReference
               BuildableIdentifier = "primary"
               BlueprintIdentifier = "C453FEFC1E038CB490AD2E39"
               BuildableName = "StarkProtocolTests.xctest"
               BlueprintName = "StarkProtocolTests"
               ReferencedContainer = "container:FENR.xcodeproj">
            </BuildableReference>
         </BuildActionEntry>
         <BuildActionEntry
            buildForTesting = "YES"
            buildForRunning = "NO"
            buildForProfiling = "NO"
            buildForArchiving = "NO"
            buildForAnalyzing = "NO">
            <BuildableReference
               BuildableIdentifier = "primary"
               BlueprintIdentifier = "28F27724F8C61BA761C6C1E7"
               BuildableName = "TestSupportTests.xctest"
               BlueprintName = "TestSupportTests"
               ReferencedContainer = "container:FENR.xcodeproj">
            </BuildableReference>
         </BuildActionEntry>
      </BuildActionEntries>
   </BuildAction>
   <TestAction
      buildConfiguration = "Debug"
      selectedDebuggerIdentifier = "Xcode.DebuggerFoundation.Debugger.LLDB"
      selectedLauncherIdentifier = "Xcode.DebuggerFoundation.Launcher.LLDB"
      shouldUseLaunchSchemeArgsEnv = "YES"
      onlyGenerateCoverageForSpecifiedTargets = "NO">
      <MacroExpansion>
         <BuildableReference
            BuildableIdentifier = "primary"
            BlueprintIdentifier = "7684E2B3CCE3D10440DAB979"
            BuildableName = "FENR.app"
            BlueprintName = "FENR"
            ReferencedContainer = "container:FENR.xcodeproj">
         </BuildableReference>
      </MacroExpansion>
      <Testables>
         <TestableReference
            skipped = "NO"
            parallelizable = "NO">
            <BuildableReference
               BuildableIdentifier = "primary"
               BlueprintIdentifier = "C453FEFC1E038CB490AD2E39"
               BuildableName = "StarkProtocolTests.xctest"
               BlueprintName = "StarkProtocolTests"
               ReferencedContainer = "container:FENR.xcodeproj">
            </BuildableReference>
         </TestableReference>
         <TestableReference
            skipped = "NO"
            parallelizable = "NO">
            <BuildableReference
               BuildableIdentifier = "primary"
               BlueprintIdentifier = "B56C00EFD57025207A0903AB"
               BuildableName = "BikeSDKTests.xctest"
               BlueprintName = "BikeSDKTests"
               ReferencedContainer = "container:FENR.xcodeproj">
            </BuildableReference>
         </TestableReference>
         <TestableReference
            skipped = "NO"
            parallelizable = "NO">
            <BuildableReference
               BuildableIdentifier = "primary"
               BlueprintIdentifier = "A49F065AE3CF70B75CBB79D7"
               BuildableName = "BikeDomainTests.xctest"
               BlueprintName = "BikeDomainTests"
               ReferencedContainer = "container:FENR.xcodeproj">
            </BuildableReference>
         </TestableReference>
         <TestableReference
            skipped = "NO"
            parallelizable = "NO">
            <BuildableReference
               BuildableIdentifier = "primary"
               BlueprintIdentifier = "8E702A318A37F0FEEF65B217"
               BuildableName = "BikeDataTests.xctest"
               BlueprintName = "BikeDataTests"
               ReferencedContainer = "container:FENR.xcodeproj">
            </BuildableReference>
         </TestableReference>
         <TestableReference
            skipped = "NO"
            parallelizable = "NO">
            <BuildableReference
               BuildableIdentifier = "primary"
               BlueprintIdentifier = "BB55B55EC6FA739D0C8DD1CE"
               BuildableName = "BikeEmulatorTests.xctest"
               BlueprintName = "BikeEmulatorTests"
               ReferencedContainer = "container:FENR.xcodeproj">
            </BuildableReference>
         </TestableReference>
         <TestableReference
            skipped = "NO"
            parallelizable = "NO">
            <BuildableReference
               BuildableIdentifier = "primary"
               BlueprintIdentifier = "931A1BAD235C51A938DCADCD"
               BuildableName = "ChargeControlTests.xctest"
               BlueprintName = "ChargeControlTests"
               ReferencedContainer = "container:FENR.xcodeproj">
            </BuildableReference>
         </TestableReference>
         <TestableReference
            skipped = "NO"
            parallelizable = "NO">
            <BuildableReference
               BuildableIdentifier = "primary"
               BlueprintIdentifier = "4F60C80AD9FE8D96269B7741"
               BuildableName = "SettingsDataTests.xctest"
               BlueprintName = "SettingsDataTests"
               ReferencedContainer = "container:FENR.xcodeproj">
            </BuildableReference>
         </TestableReference>
         <TestableReference
            skipped = "NO"
            parallelizable = "NO">
            <BuildableReference
               BuildableIdentifier = "primary"
               BlueprintIdentifier = "8B64EFEC5B4B812005ECE6B9"
               BuildableName = "DesignSystemTests.xctest"
               BlueprintName = "DesignSystemTests"
               ReferencedContainer = "container:FENR.xcodeproj">
            </BuildableReference>
         </TestableReference>
         <TestableReference
            skipped = "NO"
            parallelizable = "NO">
            <BuildableReference
               BuildableIdentifier = "primary"
               BlueprintIdentifier = "6884A7C381057CB503D75197"
               BuildableName = "MeasurementPresentationTests.xctest"
               BlueprintName = "MeasurementPresentationTests"
               ReferencedContainer = "container:FENR.xcodeproj">
            </BuildableReference>
         </TestableReference>
         <TestableReference
            skipped = "NO"
            parallelizable = "NO">
            <BuildableReference
               BuildableIdentifier = "primary"
               BlueprintIdentifier = "C84DDCA6364B139989D2DC79"
               BuildableName = "BikeDiagnosticsTests.xctest"
               BlueprintName = "BikeDiagnosticsTests"
               ReferencedContainer = "container:FENR.xcodeproj">
            </BuildableReference>
         </TestableReference>
         <TestableReference
            skipped = "NO"
            parallelizable = "NO">
            <BuildableReference
               BuildableIdentifier = "primary"
               BlueprintIdentifier = "EB184D17BB8C260AF6238187"
               BuildableName = "BikeOnboardingTests.xctest"
               BlueprintName = "BikeOnboardingTests"
               ReferencedContainer = "container:FENR.xcodeproj">
            </BuildableReference>
         </TestableReference>
         <TestableReference
            skipped = "NO"
            parallelizable = "NO">
            <BuildableReference
               BuildableIdentifier = "primary"
               BlueprintIdentifier = "E455E11532065AC7B2056898"
               BuildableName = "RideDashboardTests.xctest"
               BlueprintName = "RideDashboardTests"
               ReferencedContainer = "container:FENR.xcodeproj">
            </BuildableReference>
         </TestableReference>
         <TestableReference
            skipped = "NO"
            parallelizable = "NO">
            <BuildableReference
               BuildableIdentifier = "primary"
               BlueprintIdentifier = "4336F947375CBE0D8AE09C36"
               BuildableName = "BatteryHealthTests.xctest"
               BlueprintName = "BatteryHealthTests"
               ReferencedContainer = "container:FENR.xcodeproj">
            </BuildableReference>
         </TestableReference>
         <TestableReference
            skipped = "NO"
            parallelizable = "NO">
            <BuildableReference
               BuildableIdentifier = "primary"
               BlueprintIdentifier = "F59469F560874C18CC2B0229"
               BuildableName = "AppSettingsTests.xctest"
               BlueprintName = "AppSettingsTests"
               ReferencedContainer = "container:FENR.xcodeproj">
            </BuildableReference>
         </TestableReference>
         <TestableReference
            skipped = "NO"
            parallelizable = "NO">
            <BuildableReference
               BuildableIdentifier = "primary"
               BlueprintIdentifier = "219B2EEDB6F7F684341D70C5"
               BuildableName = "FENRTests.xctest"
               BlueprintName = "FENRTests"
               ReferencedContainer = "container:FENR.xcodeproj">
            </BuildableReference>
         </TestableReference>
         <TestableReference
            skipped = "NO"
            parallelizable = "NO">
            <BuildableReference
               BuildableIdentifier = "primary"
               BlueprintIdentifier = "A55FCD9248F9890B0383E0B1"
               BuildableName = "FENRDebugTests.xctest"
               BlueprintName = "FENRDebugTests"
               ReferencedContainer = "container:FENR.xcodeproj">
            </BuildableReference>
         </TestableReference>
      </Testables>
      <CommandLineArguments>
      </CommandLineArguments>
   </TestAction>
   <LaunchAction
      buildConfiguration = "Debug"
      selectedDebuggerIdentifier = "Xcode.DebuggerFoundation.Debugger.LLDB"
      selectedLauncherIdentifier = "Xcode.DebuggerFoundation.Launcher.LLDB"
      launchStyle = "0"
      useCustomWorkingDirectory = "NO"
      ignoresPersistentStateOnLaunch = "NO"
      debugDocumentVersioning = "YES"
      debugServiceExtension = "internal"
      allowLocationSimulation = "YES">
      <BuildableProductRunnable
         runnableDebuggingMode = "0">
         <BuildableReference
            BuildableIdentifier = "primary"
            BlueprintIdentifier = "7684E2B3CCE3D10440DAB979"
            BuildableName = "FENR.app"
            BlueprintName = "FENR"
            ReferencedContainer = "container:FENR.xcodeproj">
         </BuildableReference>
      </BuildableProductRunnable>
   </LaunchAction>
   <ProfileAction
      buildConfiguration = "Release"
      shouldUseLaunchSchemeArgsEnv = "YES"
      savedToolIdentifier = ""
      useCustomWorkingDirectory = "NO"
      debugDocumentVersioning = "YES">
      <BuildableProductRunnable
         runnableDebuggingMode = "0">
         <BuildableReference
            BuildableIdentifier = "primary"
            BlueprintIdentifier = "7684E2B3CCE3D10440DAB979"
            BuildableName = "FENR.app"
            BlueprintName = "FENR"
            ReferencedContainer = "container:FENR.xcodeproj">
         </BuildableReference>
      </BuildableProductRunnable>
   </ProfileAction>
   <AnalyzeAction
      buildConfiguration = "Debug">
   </AnalyzeAction>
   <ArchiveAction
      buildConfiguration = "Release"
      revealArchiveInOrganizer = "YES">
   </ArchiveAction>
</Scheme>
